
Microsoft Visual Studio Solution File, Format Version 12.00
# Visual Studio Version 16
VisualStudioVersion = 16.0.30804.86
MinimumVisualStudioVersion = 10.0.40219.1
Project("{FAE04EC0-301F-11D3-BF4B-00C04F79EFBC}") = "ReadEmail", "ReadEmail.csproj", "{76925395-F1DB-4E7A-B69A-D681469CDC8C}"
EndProject
Global
	GlobalSection(SolutionConfigurationPlatforms) = preSolution
		Debug|Any CPU = Debug|Any CPU
		Release|Any CPU = Release|Any CPU
	EndGlobalSection
	GlobalSection(ProjectConfigurationPlatforms) = postSolution
		{76925395-F1DB-4E7A-B69A-D681469CDC8C}.Debug|Any CPU.ActiveCfg = Debug|Any CPU
		{76925395-F1DB-4E7A-B69A-D681469CDC8C}.Debug|Any CPU.Build.0 = Debug|Any CPU
		{76925395-F1DB-4E7A-B69A-D681469CDC8C}.Release|Any CPU.ActiveCfg = Release|Any CPU
		{76925395-F1DB-4E7A-B69A-D681469CDC8C}.Release|Any CPU.Build.0 = Release|Any CPU
	EndGlobalSection
	GlobalSection(SolutionProperties) = preSolution
		HideSolutionNode = FALSE
	EndGlobalSection
	GlobalSection(ExtensibilityGlobals) = postSolution
		SolutionGuid = {C33E796E-BA9B-4C0E-B4D7-F2AD31373E55}
	EndGlobalSection
EndGlobal
